
Microsoft Visual Studio Solution File, Format Version 12.00
# Visual Studio Version 17
VisualStudioVersion = 17.10.34916.146
MinimumVisualStudioVersion = 10.0.40219.1
Project("{9A19103F-16F7-4668-BE54-9A1E7A4F7556}") = "MinUI.Test", "MinUI\MinUI.Test.csproj", "{4037C948-1E0B-4901-B585-7A5AF698D62E}"
EndProject
Project("{9A19103F-16F7-4668-BE54-9A1E7A4F7556}") = "MinUI.Core", "MinUI.Core\MinUI.Core.csproj", "{46C31544-D4D9-42EB-9278-E28F784D55AF}"
EndProject
Project("{FAE04EC0-301F-11D3-BF4B-00C04F79EFBC}") = "MinUI.Color", "MinUI.Color\MinUI.Color.csproj", "{6D949F6B-810B-4342-920D-F5BED1AEA7A3}"
EndProject
Global
	GlobalSection(SolutionConfigurationPlatforms) = preSolution
		Debug|Any CPU = Debug|Any CPU
		Release|Any CPU = Release|Any CPU
	EndGlobalSection
	GlobalSection(ProjectConfigurationPlatforms) = postSolution
		{4037C948-1E0B-4901-B585-7A5AF698D62E}.Debug|Any CPU.ActiveCfg = Debug|Any CPU
		{4037C948-1E0B-4901-B585-7A5AF698D62E}.Debug|Any CPU.Build.0 = Debug|Any CPU
		{4037C948-1E0B-4901-B585-7A5AF698D62E}.Release|Any CPU.ActiveCfg = Release|Any CPU
		{4037C948-1E0B-4901-B585-7A5AF698D62E}.Release|Any CPU.Build.0 = Release|Any CPU
		{46C31544-D4D9-42EB-9278-E28F784D55AF}.Debug|Any CPU.ActiveCfg = Debug|Any CPU
		{46C31544-D4D9-42EB-9278-E28F784D55AF}.Debug|Any CPU.Build.0 = Debug|Any CPU
		{46C31544-D4D9-42EB-9278-E28F784D55AF}.Release|Any CPU.ActiveCfg = Release|Any CPU
		{46C31544-D4D9-42EB-9278-E28F784D55AF}.Release|Any CPU.Build.0 = Release|Any CPU
		{6D949F6B-810B-4342-920D-F5BED1AEA7A3}.Debug|Any CPU.ActiveCfg = Debug|Any CPU
		{6D949F6B-810B-4342-920D-F5BED1AEA7A3}.Debug|Any CPU.Build.0 = Debug|Any CPU
		{6D949F6B-810B-4342-920D-F5BED1AEA7A3}.Release|Any CPU.ActiveCfg = Release|Any CPU
		{6D949F6B-810B-4342-920D-F5BED1AEA7A3}.Release|Any CPU.Build.0 = Release|Any CPU
	EndGlobalSection
	GlobalSection(SolutionProperties) = preSolution
		HideSolutionNode = FALSE
	EndGlobalSection
	GlobalSection(ExtensibilityGlobals) = postSolution
		SolutionGuid = {6339A4FA-EABB-4DB2-8D40-F1DF4E4D79B3}
	EndGlobalSection
EndGlobal
